
Microsoft Visual Studio Solution File, Format Version 12.00
# Visual Studio 15
VisualStudioVersion = 15.0.28307.168
MinimumVisualStudioVersion = 10.0.40219.1
Project("{FAE04EC0-301F-11D3-BF4B-00C04F79EFBC}") = "RegexMatchingGroups", "RegexMatchingGroups\RegexMatchingGroups.csproj", "{F61ECEEB-A7B0-430A-961E-432A607F468B}"
EndProject
Global
	GlobalSection(SolutionConfigurationPlatforms) = preSolution
		Debug|Any CPU = Debug|Any CPU
		Release|Any CPU = Release|Any CPU
	EndGlobalSection
	GlobalSection(ProjectConfigurationPlatforms) = postSolution
		{F61ECEEB-A7B0-430A-961E-432A607F468B}.Debug|Any CPU.ActiveCfg = Debug|Any CPU
		{F61ECEEB-A7B0-430A-961E-432A607F468B}.Debug|Any CPU.Build.0 = Debug|Any CPU
		{F61ECEEB-A7B0-430A-961E-432A607F468B}.Release|Any CPU.ActiveCfg = Release|Any CPU
		{F61ECEEB-A7B0-430A-961E-432A607F468B}.Release|Any CPU.Build.0 = Release|Any CPU
	EndGlobalSection
	GlobalSection(SolutionProperties) = preSolution
		HideSolutionNode = FALSE
	EndGlobalSection
	GlobalSection(ExtensibilityGlobals) = postSolution
		SolutionGuid = {18AA5CC5-4564-42D3-8DAB-1772601890A7}
	EndGlobalSection
EndGlobal
