Microsoft Visual Studio Solution File, Format Version 12.00
# Visual Studio Version 17
VisualStudioVersion = 17.5.2.0
MinimumVisualStudioVersion = 10.0.40219.1
Project("{FAE04EC0-301F-11D3-BF4B-00C04F79EFBC}") = "ReferencingStrings", "ReferencingStrings.csproj", "{F91C6C85-C10A-198A-7593-BFF71B63CD02}"
EndProject
Global
	GlobalSection(SolutionConfigurationPlatforms) = preSolution
		Debug|Any CPU = Debug|Any CPU
		Release|Any CPU = Release|Any CPU
	EndGlobalSection
	GlobalSection(ProjectConfigurationPlatforms) = postSolution
		{F91C6C85-C10A-198A-7593-BFF71B63CD02}.Debug|Any CPU.ActiveCfg = Debug|Any CPU
		{F91C6C85-C10A-198A-7593-BFF71B63CD02}.Debug|Any CPU.Build.0 = Debug|Any CPU
		{F91C6C85-C10A-198A-7593-BFF71B63CD02}.Release|Any CPU.ActiveCfg = Release|Any CPU
		{F91C6C85-C10A-198A-7593-BFF71B63CD02}.Release|Any CPU.Build.0 = Release|Any CPU
	EndGlobalSection
	GlobalSection(SolutionProperties) = preSolution
		HideSolutionNode = FALSE
	EndGlobalSection
	GlobalSection(ExtensibilityGlobals) = postSolution
		SolutionGuid = {03C63CF1-90C3-4D04-BF51-80129BE2AD00}
	EndGlobalSection
EndGlobal
