
Microsoft Visual Studio Solution File, Format Version 12.00
# Visual Studio 15
VisualStudioVersion = 15.0.26403.7
MinimumVisualStudioVersion = 10.0.40219.1
Project("{FAE04EC0-301F-11D3-BF4B-00C04F79EFBC}") = "Topography", "Topography\Topography.csproj", "{6DE3A7A4-6F59-4A11-8A32-829EDE02B6EC}"
EndProject
Project("{FAE04EC0-301F-11D3-BF4B-00C04F79EFBC}") = "ConsoleTest", "ConsoleTest\ConsoleTest.csproj", "{586B4A06-3C91-44DA-A289-28E63487072D}"
EndProject
Global
	GlobalSection(SolutionConfigurationPlatforms) = preSolution
		Debug|Any CPU = Debug|Any CPU
		Release|Any CPU = Release|Any CPU
	EndGlobalSection
	GlobalSection(ProjectConfigurationPlatforms) = postSolution
		{6DE3A7A4-6F59-4A11-8A32-829EDE02B6EC}.Debug|Any CPU.ActiveCfg = Debug|Any CPU
		{6DE3A7A4-6F59-4A11-8A32-829EDE02B6EC}.Debug|Any CPU.Build.0 = Debug|Any CPU
		{6DE3A7A4-6F59-4A11-8A32-829EDE02B6EC}.Release|Any CPU.ActiveCfg = Release|Any CPU
		{6DE3A7A4-6F59-4A11-8A32-829EDE02B6EC}.Release|Any CPU.Build.0 = Release|Any CPU
		{586B4A06-3C91-44DA-A289-28E63487072D}.Debug|Any CPU.ActiveCfg = Debug|Any CPU
		{586B4A06-3C91-44DA-A289-28E63487072D}.Debug|Any CPU.Build.0 = Debug|Any CPU
		{586B4A06-3C91-44DA-A289-28E63487072D}.Release|Any CPU.ActiveCfg = Release|Any CPU
		{586B4A06-3C91-44DA-A289-28E63487072D}.Release|Any CPU.Build.0 = Release|Any CPU
	EndGlobalSection
	GlobalSection(SolutionProperties) = preSolution
		HideSolutionNode = FALSE
	EndGlobalSection
EndGlobal
