
Microsoft Visual Studio Solution File, Format Version 12.00
# Visual Studio 14
VisualStudioVersion = 14.0.25123.0
MinimumVisualStudioVersion = 10.0.40219.1
Project("{FAE04EC0-301F-11D3-BF4B-00C04F79EFBC}") = "DuplicateFiles", "DuplicateFiles\DuplicateFiles.csproj", "{FF28C265-30BE-4376-BFBC-C0D38BD2B946}"
EndProject
Project("{FAE04EC0-301F-11D3-BF4B-00C04F79EFBC}") = "UnitTestDuplicateFiles", "UnitTestDuplicateFiles\UnitTestDuplicateFiles.csproj", "{C434BF42-CEE6-4AB8-9005-B88F12D627F9}"
EndProject
Global
	GlobalSection(SolutionConfigurationPlatforms) = preSolution
		Debug|Any CPU = Debug|Any CPU
		Release|Any CPU = Release|Any CPU
	EndGlobalSection
	GlobalSection(ProjectConfigurationPlatforms) = postSolution
		{FF28C265-30BE-4376-BFBC-C0D38BD2B946}.Debug|Any CPU.ActiveCfg = Debug|Any CPU
		{FF28C265-30BE-4376-BFBC-C0D38BD2B946}.Debug|Any CPU.Build.0 = Debug|Any CPU
		{FF28C265-30BE-4376-BFBC-C0D38BD2B946}.Release|Any CPU.ActiveCfg = Release|Any CPU
		{FF28C265-30BE-4376-BFBC-C0D38BD2B946}.Release|Any CPU.Build.0 = Release|Any CPU
		{C434BF42-CEE6-4AB8-9005-B88F12D627F9}.Debug|Any CPU.ActiveCfg = Debug|Any CPU
		{C434BF42-CEE6-4AB8-9005-B88F12D627F9}.Debug|Any CPU.Build.0 = Debug|Any CPU
		{C434BF42-CEE6-4AB8-9005-B88F12D627F9}.Release|Any CPU.ActiveCfg = Release|Any CPU
		{C434BF42-CEE6-4AB8-9005-B88F12D627F9}.Release|Any CPU.Build.0 = Release|Any CPU
	EndGlobalSection
	GlobalSection(SolutionProperties) = preSolution
		HideSolutionNode = FALSE
	EndGlobalSection
EndGlobal
