
Microsoft Visual Studio Solution File, Format Version 12.00
# Visual Studio 14
VisualStudioVersion = 14.0.25123.0
MinimumVisualStudioVersion = 10.0.40219.1
Project("{FAE04EC0-301F-11D3-BF4B-00C04F79EFBC}") = "CryptographyHashAlgorithm", "CryptographyHashAlgorithm\CryptographyHashAlgorithm.csproj", "{42201AE7-848E-4FCD-99D0-B64A6C3D19CA}"
EndProject
Global
	GlobalSection(SolutionConfigurationPlatforms) = preSolution
		Debug|Any CPU = Debug|Any CPU
		Release|Any CPU = Release|Any CPU
	EndGlobalSection
	GlobalSection(ProjectConfigurationPlatforms) = postSolution
		{42201AE7-848E-4FCD-99D0-B64A6C3D19CA}.Debug|Any CPU.ActiveCfg = Debug|Any CPU
		{42201AE7-848E-4FCD-99D0-B64A6C3D19CA}.Debug|Any CPU.Build.0 = Debug|Any CPU
		{42201AE7-848E-4FCD-99D0-B64A6C3D19CA}.Release|Any CPU.ActiveCfg = Release|Any CPU
		{42201AE7-848E-4FCD-99D0-B64A6C3D19CA}.Release|Any CPU.Build.0 = Release|Any CPU
	EndGlobalSection
	GlobalSection(SolutionProperties) = preSolution
		HideSolutionNode = FALSE
	EndGlobalSection
EndGlobal
