
Microsoft Visual Studio Solution File, Format Version 12.00
# Visual Studio 14
VisualStudioVersion = 14.0.25123.0
MinimumVisualStudioVersion = 10.0.40219.1
Project("{FAE04EC0-301F-11D3-BF4B-00C04F79EFBC}") = "Duplicates", "Duplicates\Duplicates.csproj", "{8DCB79E7-23EC-4613-8F40-751CAD3E7127}"
EndProject
Project("{FAE04EC0-301F-11D3-BF4B-00C04F79EFBC}") = "UnitTestDuplicates", "UnitTestDuplicates\UnitTestDuplicates.csproj", "{0E8264D7-0C23-45DE-893A-A1DD8CD50407}"
EndProject
Global
	GlobalSection(SolutionConfigurationPlatforms) = preSolution
		Debug|Any CPU = Debug|Any CPU
		Release|Any CPU = Release|Any CPU
	EndGlobalSection
	GlobalSection(ProjectConfigurationPlatforms) = postSolution
		{8DCB79E7-23EC-4613-8F40-751CAD3E7127}.Debug|Any CPU.ActiveCfg = Debug|Any CPU
		{8DCB79E7-23EC-4613-8F40-751CAD3E7127}.Debug|Any CPU.Build.0 = Debug|Any CPU
		{8DCB79E7-23EC-4613-8F40-751CAD3E7127}.Release|Any CPU.ActiveCfg = Release|Any CPU
		{8DCB79E7-23EC-4613-8F40-751CAD3E7127}.Release|Any CPU.Build.0 = Release|Any CPU
		{0E8264D7-0C23-45DE-893A-A1DD8CD50407}.Debug|Any CPU.ActiveCfg = Debug|Any CPU
		{0E8264D7-0C23-45DE-893A-A1DD8CD50407}.Debug|Any CPU.Build.0 = Debug|Any CPU
		{0E8264D7-0C23-45DE-893A-A1DD8CD50407}.Release|Any CPU.ActiveCfg = Release|Any CPU
		{0E8264D7-0C23-45DE-893A-A1DD8CD50407}.Release|Any CPU.Build.0 = Release|Any CPU
	EndGlobalSection
	GlobalSection(SolutionProperties) = preSolution
		HideSolutionNode = FALSE
	EndGlobalSection
EndGlobal
