
Microsoft Visual Studio Solution File, Format Version 12.00
# Visual Studio Version 17
VisualStudioVersion = 17.3.32922.545
MinimumVisualStudioVersion = 10.0.40219.1
Project("{FAE04EC0-301F-11D3-BF4B-00C04F79EFBC}") = "UnderstandingMatrixes", "UnderstandingMatrixes.csproj", "{31EE6B52-BDC0-4AFB-957A-C4DAB1362AB8}"
EndProject
Global
	GlobalSection(SolutionConfigurationPlatforms) = preSolution
		Debug|Any CPU = Debug|Any CPU
		Release|Any CPU = Release|Any CPU
	EndGlobalSection
	GlobalSection(ProjectConfigurationPlatforms) = postSolution
		{31EE6B52-BDC0-4AFB-957A-C4DAB1362AB8}.Debug|Any CPU.ActiveCfg = Debug|Any CPU
		{31EE6B52-BDC0-4AFB-957A-C4DAB1362AB8}.Debug|Any CPU.Build.0 = Debug|Any CPU
		{31EE6B52-BDC0-4AFB-957A-C4DAB1362AB8}.Release|Any CPU.ActiveCfg = Release|Any CPU
		{31EE6B52-BDC0-4AFB-957A-C4DAB1362AB8}.Release|Any CPU.Build.0 = Release|Any CPU
	EndGlobalSection
	GlobalSection(SolutionProperties) = preSolution
		HideSolutionNode = FALSE
	EndGlobalSection
	GlobalSection(ExtensibilityGlobals) = postSolution
		SolutionGuid = {09DF46AD-7CE3-4FB2-A156-553F3353338A}
	EndGlobalSection
EndGlobal
