
Microsoft Visual Studio Solution File, Format Version 12.00
# Visual Studio 14
VisualStudioVersion = 14.0.23023.0
MinimumVisualStudioVersion = 10.0.40219.1
Project("{FAE04EC0-301F-11D3-BF4B-00C04F79EFBC}") = "MergingFiles", "MergingFiles\MergingFiles.csproj", "{ABFC3866-B97A-45D6-AA17-A736508D8D3D}"
EndProject
Global
	GlobalSection(SolutionConfigurationPlatforms) = preSolution
		Debug|Any CPU = Debug|Any CPU
		Release|Any CPU = Release|Any CPU
	EndGlobalSection
	GlobalSection(ProjectConfigurationPlatforms) = postSolution
		{ABFC3866-B97A-45D6-AA17-A736508D8D3D}.Debug|Any CPU.ActiveCfg = Debug|Any CPU
		{ABFC3866-B97A-45D6-AA17-A736508D8D3D}.Debug|Any CPU.Build.0 = Debug|Any CPU
		{ABFC3866-B97A-45D6-AA17-A736508D8D3D}.Release|Any CPU.ActiveCfg = Release|Any CPU
		{ABFC3866-B97A-45D6-AA17-A736508D8D3D}.Release|Any CPU.Build.0 = Release|Any CPU
	EndGlobalSection
	GlobalSection(SolutionProperties) = preSolution
		HideSolutionNode = FALSE
	EndGlobalSection
EndGlobal
