
Microsoft Visual Studio Solution File, Format Version 12.00
# Visual Studio Version 17
VisualStudioVersion = 17.7.34202.233
MinimumVisualStudioVersion = 10.0.40219.1
Project("{FAE04EC0-301F-11D3-BF4B-00C04F79EFBC}") = "morse_mnemonics", "morse_mnemonics.csproj", "{BCF2A286-D4DC-41AB-A46D-17BBEA12D1DE}"
EndProject
Global
	GlobalSection(SolutionConfigurationPlatforms) = preSolution
		Debug|Any CPU = Debug|Any CPU
		Release|Any CPU = Release|Any CPU
	EndGlobalSection
	GlobalSection(ProjectConfigurationPlatforms) = postSolution
		{BCF2A286-D4DC-41AB-A46D-17BBEA12D1DE}.Debug|Any CPU.ActiveCfg = Debug|Any CPU
		{BCF2A286-D4DC-41AB-A46D-17BBEA12D1DE}.Debug|Any CPU.Build.0 = Debug|Any CPU
		{BCF2A286-D4DC-41AB-A46D-17BBEA12D1DE}.Release|Any CPU.ActiveCfg = Release|Any CPU
		{BCF2A286-D4DC-41AB-A46D-17BBEA12D1DE}.Release|Any CPU.Build.0 = Release|Any CPU
	EndGlobalSection
	GlobalSection(SolutionProperties) = preSolution
		HideSolutionNode = FALSE
	EndGlobalSection
	GlobalSection(ExtensibilityGlobals) = postSolution
		SolutionGuid = {09EA80FB-7FFC-418F-B0FA-406A6E7069DB}
	EndGlobalSection
EndGlobal
