
Microsoft Visual Studio Solution File, Format Version 12.00
# Visual Studio 15
VisualStudioVersion = 15.0.28307.1082
MinimumVisualStudioVersion = 10.0.40219.1
Project("{FAE04EC0-301F-11D3-BF4B-00C04F79EFBC}") = "X509Store", "X509Store\X509Store.csproj", "{3367024F-F603-4C1F-A26D-4BC4C071FF31}"
EndProject
Global
	GlobalSection(SolutionConfigurationPlatforms) = preSolution
		Debug|Any CPU = Debug|Any CPU
		Release|Any CPU = Release|Any CPU
	EndGlobalSection
	GlobalSection(ProjectConfigurationPlatforms) = postSolution
		{3367024F-F603-4C1F-A26D-4BC4C071FF31}.Debug|Any CPU.ActiveCfg = Debug|Any CPU
		{3367024F-F603-4C1F-A26D-4BC4C071FF31}.Debug|Any CPU.Build.0 = Debug|Any CPU
		{3367024F-F603-4C1F-A26D-4BC4C071FF31}.Release|Any CPU.ActiveCfg = Release|Any CPU
		{3367024F-F603-4C1F-A26D-4BC4C071FF31}.Release|Any CPU.Build.0 = Release|Any CPU
	EndGlobalSection
	GlobalSection(SolutionProperties) = preSolution
		HideSolutionNode = FALSE
	EndGlobalSection
	GlobalSection(ExtensibilityGlobals) = postSolution
		SolutionGuid = {89DC8D9B-1AC7-4848-B2E8-F59EE4450F4A}
	EndGlobalSection
EndGlobal
