
Microsoft Visual Studio Solution File, Format Version 12.00
# Visual Studio Version 17
VisualStudioVersion = 17.1.32328.378
MinimumVisualStudioVersion = 10.0.40219.1
Project("{FAE04EC0-301F-11D3-BF4B-00C04F79EFBC}") = "words_and_characters", "words_and_characters.csproj", "{F4790EFA-401D-479A-8AC0-516C63C51C76}"
EndProject
Global
	GlobalSection(SolutionConfigurationPlatforms) = preSolution
		Debug|Any CPU = Debug|Any CPU
		Release|Any CPU = Release|Any CPU
	EndGlobalSection
	GlobalSection(ProjectConfigurationPlatforms) = postSolution
		{F4790EFA-401D-479A-8AC0-516C63C51C76}.Debug|Any CPU.ActiveCfg = Debug|Any CPU
		{F4790EFA-401D-479A-8AC0-516C63C51C76}.Debug|Any CPU.Build.0 = Debug|Any CPU
		{F4790EFA-401D-479A-8AC0-516C63C51C76}.Release|Any CPU.ActiveCfg = Release|Any CPU
		{F4790EFA-401D-479A-8AC0-516C63C51C76}.Release|Any CPU.Build.0 = Release|Any CPU
	EndGlobalSection
	GlobalSection(SolutionProperties) = preSolution
		HideSolutionNode = FALSE
	EndGlobalSection
	GlobalSection(ExtensibilityGlobals) = postSolution
		SolutionGuid = {078CBD5A-2448-4000-91B1-8CCDE4A4E09B}
	EndGlobalSection
EndGlobal
