
Microsoft Visual Studio Solution File, Format Version 12.00
# Visual Studio Version 17
VisualStudioVersion = 17.7.34221.43
MinimumVisualStudioVersion = 10.0.40219.1
Project("{9A19103F-16F7-4668-BE54-9A1E7A4F7556}") = "BusinessReporter", "BusinessReporter.csproj", "{6749A061-F53A-47A4-9102-3A5A9948444C}"
EndProject
Global
	GlobalSection(SolutionConfigurationPlatforms) = preSolution
		Debug|Any CPU = Debug|Any CPU
		Release|Any CPU = Release|Any CPU
	EndGlobalSection
	GlobalSection(ProjectConfigurationPlatforms) = postSolution
		{6749A061-F53A-47A4-9102-3A5A9948444C}.Debug|Any CPU.ActiveCfg = Debug|Any CPU
		{6749A061-F53A-47A4-9102-3A5A9948444C}.Debug|Any CPU.Build.0 = Debug|Any CPU
		{6749A061-F53A-47A4-9102-3A5A9948444C}.Release|Any CPU.ActiveCfg = Release|Any CPU
		{6749A061-F53A-47A4-9102-3A5A9948444C}.Release|Any CPU.Build.0 = Release|Any CPU
	EndGlobalSection
	GlobalSection(SolutionProperties) = preSolution
		HideSolutionNode = FALSE
	EndGlobalSection
	GlobalSection(ExtensibilityGlobals) = postSolution
		SolutionGuid = {2D9163EE-5676-494D-88B1-2AD87AF4125A}
	EndGlobalSection
EndGlobal
