
Microsoft Visual Studio Solution File, Format Version 12.00
# Visual Studio 15
VisualStudioVersion = 15.0.28307.705
MinimumVisualStudioVersion = 10.0.40219.1
Project("{FAE04EC0-301F-11D3-BF4B-00C04F79EFBC}") = "FibString", "FibString\FibString.csproj", "{EAA4F876-FFAA-4AA6-896A-89D51B957A98}"
EndProject
Global
	GlobalSection(SolutionConfigurationPlatforms) = preSolution
		Debug|Any CPU = Debug|Any CPU
		Release|Any CPU = Release|Any CPU
	EndGlobalSection
	GlobalSection(ProjectConfigurationPlatforms) = postSolution
		{EAA4F876-FFAA-4AA6-896A-89D51B957A98}.Debug|Any CPU.ActiveCfg = Debug|Any CPU
		{EAA4F876-FFAA-4AA6-896A-89D51B957A98}.Debug|Any CPU.Build.0 = Debug|Any CPU
		{EAA4F876-FFAA-4AA6-896A-89D51B957A98}.Release|Any CPU.ActiveCfg = Release|Any CPU
		{EAA4F876-FFAA-4AA6-896A-89D51B957A98}.Release|Any CPU.Build.0 = Release|Any CPU
	EndGlobalSection
	GlobalSection(SolutionProperties) = preSolution
		HideSolutionNode = FALSE
	EndGlobalSection
	GlobalSection(ExtensibilityGlobals) = postSolution
		SolutionGuid = {E839E389-BBF9-4345-BFB7-74B12DE1D97F}
	EndGlobalSection
EndGlobal
